
Microsoft Visual Studio Solution File, Format Version 12.00
# Visual Studio Version 17
VisualStudioVersion = 17.0.31612.314
MinimumVisualStudioVersion = 10.0.40219.1
Project("{9A19103F-16F7-4668-BE54-9A1E7A4F7556}") = "Konso.ValueTracking.Clients", "src\Konso.ValueTracking.Clients.csproj", "{A976EBEF-0887-4200-9632-E18525206B14}"
EndProject
Project("{9A19103F-16F7-4668-BE54-9A1E7A4F7556}") = "Konso.ValueTracking.Clients.Tests", "tests\Konso.ValueTracking.Clients.Tests\Konso.ValueTracking.Clients.Tests.csproj", "{C993E0F4-E320-46CE-9B18-395E11290347}"
EndProject
Global
	GlobalSection(SolutionConfigurationPlatforms) = preSolution
		Debug|Any CPU = Debug|Any CPU
		Release|Any CPU = Release|Any CPU
	EndGlobalSection
	GlobalSection(ProjectConfigurationPlatforms) = postSolution
		{A976EBEF-0887-4200-9632-E18525206B14}.Debug|Any CPU.ActiveCfg = Debug|Any CPU
		{A976EBEF-0887-4200-9632-E18525206B14}.Debug|Any CPU.Build.0 = Debug|Any CPU
		{A976EBEF-0887-4200-9632-E18525206B14}.Release|Any CPU.ActiveCfg = Release|Any CPU
		{A976EBEF-0887-4200-9632-E18525206B14}.Release|Any CPU.Build.0 = Release|Any CPU
		{C993E0F4-E320-46CE-9B18-395E11290347}.Debug|Any CPU.ActiveCfg = Debug|Any CPU
		{C993E0F4-E320-46CE-9B18-395E11290347}.Debug|Any CPU.Build.0 = Debug|Any CPU
		{C993E0F4-E320-46CE-9B18-395E11290347}.Release|Any CPU.ActiveCfg = Release|Any CPU
		{C993E0F4-E320-46CE-9B18-395E11290347}.Release|Any CPU.Build.0 = Release|Any CPU
	EndGlobalSection
	GlobalSection(SolutionProperties) = preSolution
		HideSolutionNode = FALSE
	EndGlobalSection
	GlobalSection(ExtensibilityGlobals) = postSolution
		SolutionGuid = {83A9E993-2690-4643-8237-4E5471D5EB6E}
	EndGlobalSection
EndGlobal
