
Microsoft Visual Studio Solution File, Format Version 12.00
# Visual Studio Version 17
VisualStudioVersion = 17.0.31825.309
MinimumVisualStudioVersion = 10.0.40219.1
Project("{9A19103F-16F7-4668-BE54-9A1E7A4F7556}") = "Konso.Clients.ValueTracking", "src\Konso.Clients.ValueTracking.csproj", "{5E0B5500-0A63-48CA-913D-D7581F50822C}"
EndProject
Project("{9A19103F-16F7-4668-BE54-9A1E7A4F7556}") = "Konso.Clients.ValueTracking.Tests", "tests\Konso.Clients.ValueTracking.Tests\Konso.Clients.ValueTracking.Tests.csproj", "{E934FE1F-7CCD-412D-B026-5528842E4DC3}"
EndProject
Global
	GlobalSection(SolutionConfigurationPlatforms) = preSolution
		Debug|Any CPU = Debug|Any CPU
		Release|Any CPU = Release|Any CPU
	EndGlobalSection
	GlobalSection(ProjectConfigurationPlatforms) = postSolution
		{5E0B5500-0A63-48CA-913D-D7581F50822C}.Debug|Any CPU.ActiveCfg = Debug|Any CPU
		{5E0B5500-0A63-48CA-913D-D7581F50822C}.Debug|Any CPU.Build.0 = Debug|Any CPU
		{5E0B5500-0A63-48CA-913D-D7581F50822C}.Release|Any CPU.ActiveCfg = Release|Any CPU
		{5E0B5500-0A63-48CA-913D-D7581F50822C}.Release|Any CPU.Build.0 = Release|Any CPU
		{E934FE1F-7CCD-412D-B026-5528842E4DC3}.Debug|Any CPU.ActiveCfg = Debug|Any CPU
		{E934FE1F-7CCD-412D-B026-5528842E4DC3}.Debug|Any CPU.Build.0 = Debug|Any CPU
		{E934FE1F-7CCD-412D-B026-5528842E4DC3}.Release|Any CPU.ActiveCfg = Release|Any CPU
		{E934FE1F-7CCD-412D-B026-5528842E4DC3}.Release|Any CPU.Build.0 = Release|Any CPU
	EndGlobalSection
	GlobalSection(SolutionProperties) = preSolution
		HideSolutionNode = FALSE
	EndGlobalSection
	GlobalSection(ExtensibilityGlobals) = postSolution
		SolutionGuid = {6CCE53BF-76BC-4FDC-9EC2-A75294E3BE81}
	EndGlobalSection
EndGlobal
